{
  "name": "tony2max",
  "version": "0.1.0",
  "lockfileVersion": 1,
  "requires": true,
  "dependencies": {
    "stream-chain": {
      "version": "2.0.3",
      "resolved": "https://registry.npmjs.org/stream-chain/-/stream-chain-2.0.3.tgz",
      "integrity": "sha512-uCjJTDTAOgBrM2dLkS3mJGICUV3fL0eiTsGQ0bXiKU6et6/7dkTzZCp0eP1d8ZIwiWjthvQZlSx7NxMt7t1aFQ=="
    },
    "stream-csv-as-json": {
      "version": "1.0.1",
      "resolved": "https://registry.npmjs.org/stream-csv-as-json/-/stream-csv-as-json-1.0.1.tgz",
      "integrity": "sha512-nnfIA8Xbbo5H4jMUQKEiwf4jfzOkyYXzQiD5O3LwKt52iTrrDYqAP9/thQAUeUj6GoLkwZwbOq+3jd/TB+/SIw==",
      "requires": {
        "stream-json": "^1.0.1"
      }
    },
    "stream-json": {
      "version": "1.1.1",
      "resolved": "https://registry.npmjs.org/stream-json/-/stream-json-1.1.1.tgz",
      "integrity": "sha512-oH2bQcjpTIqfFNjYWFlGXpj0G2oh+FaW+RQnR5JAV3LC21T62gUPQ4Ph3eBydjQxaLr3a0xPrSec4fYFtH2gbQ==",
      "requires": {
        "stream-chain": "^2.0.3"
      }
    }
  }
}
